
Microsoft Visual Studio Solution File, Format Version 12.00
# Visual Studio Version 16
VisualStudioVersion = 16.0.32407.337
MinimumVisualStudioVersion = 10.0.40219.1
Project("{8BC9CEB8-8B4A-11D0-8D11-00A0C91BC942}") = "ManagerThreading", "ManagerThreading\ManagerThreading.vcxproj", "{3D55C32A-0FC0-42CB-90B4-00171FFFFEAA}"
EndProject
Global
	GlobalSection(SolutionConfigurationPlatforms) = preSolution
		Debug|x64 = Debug|x64
		Debug|x86 = Debug|x86
		Release|x64 = Release|x64
		Release|x86 = Release|x86
	EndGlobalSection
	GlobalSection(ProjectConfigurationPlatforms) = postSolution
		{3D55C32A-0FC0-42CB-90B4-00171FFFFEAA}.Debug|x64.ActiveCfg = Debug|x64
		{3D55C32A-0FC0-42CB-90B4-00171FFFFEAA}.Debug|x64.Build.0 = Debug|x64
		{3D55C32A-0FC0-42CB-90B4-00171FFFFEAA}.Debug|x86.ActiveCfg = Debug|Win32
		{3D55C32A-0FC0-42CB-90B4-00171FFFFEAA}.Debug|x86.Build.0 = Debug|Win32
		{3D55C32A-0FC0-42CB-90B4-00171FFFFEAA}.Release|x64.ActiveCfg = Release|x64
		{3D55C32A-0FC0-42CB-90B4-00171FFFFEAA}.Release|x64.Build.0 = Release|x64
		{3D55C32A-0FC0-42CB-90B4-00171FFFFEAA}.Release|x86.ActiveCfg = Release|Win32
		{3D55C32A-0FC0-42CB-90B4-00171FFFFEAA}.Release|x86.Build.0 = Release|Win32
	EndGlobalSection
	GlobalSection(SolutionProperties) = preSolution
		HideSolutionNode = FALSE
	EndGlobalSection
	GlobalSection(ExtensibilityGlobals) = postSolution
		SolutionGuid = {3CA3C2B0-CDD7-4278-B13E-23D3380EA6E1}
	EndGlobalSection
EndGlobal
